
Microsoft Visual Studio Solution File, Format Version 12.00
# Visual Studio Version 16
VisualStudioVersion = 16.0.30011.22
MinimumVisualStudioVersion = 10.0.40219.1
Project("{FAE04EC0-301F-11D3-BF4B-00C04F79EFBC}") = "UndaDaSea", "UndaDaSea\UndaDaSea.csproj", "{BECECF29-B4FC-45CC-AD77-668F8CB7239E}"
EndProject
Global
	GlobalSection(SolutionConfigurationPlatforms) = preSolution
		Debug|Any CPU = Debug|Any CPU
		Release|Any CPU = Release|Any CPU
	EndGlobalSection
	GlobalSection(ProjectConfigurationPlatforms) = postSolution
		{BECECF29-B4FC-45CC-AD77-668F8CB7239E}.Debug|Any CPU.ActiveCfg = Debug|Any CPU
		{BECECF29-B4FC-45CC-AD77-668F8CB7239E}.Debug|Any CPU.Build.0 = Debug|Any CPU
		{BECECF29-B4FC-45CC-AD77-668F8CB7239E}.Release|Any CPU.ActiveCfg = Release|Any CPU
		{BECECF29-B4FC-45CC-AD77-668F8CB7239E}.Release|Any CPU.Build.0 = Release|Any CPU
	EndGlobalSection
	GlobalSection(SolutionProperties) = preSolution
		HideSolutionNode = FALSE
	EndGlobalSection
	GlobalSection(ExtensibilityGlobals) = postSolution
		SolutionGuid = {7DF9FB1E-1865-46F2-B09B-8B012D2A871F}
	EndGlobalSection
EndGlobal
